
Microsoft Visual Studio Solution File, Format Version 12.00
# Visual Studio 15
VisualStudioVersion = 15.0.28307.757
MinimumVisualStudioVersion = 10.0.40219.1
Project("{FAE04EC0-301F-11D3-BF4B-00C04F79EFBC}") = "SignalRNew", "SignalRNew\SignalRNew.csproj", "{764C6E89-2C10-441E-91A4-E4BE965AA068}"
EndProject
Global
	GlobalSection(SolutionConfigurationPlatforms) = preSolution
		Debug|Any CPU = Debug|Any CPU
		Release|Any CPU = Release|Any CPU
	EndGlobalSection
	GlobalSection(ProjectConfigurationPlatforms) = postSolution
		{764C6E89-2C10-441E-91A4-E4BE965AA068}.Debug|Any CPU.ActiveCfg = Debug|Any CPU
		{764C6E89-2C10-441E-91A4-E4BE965AA068}.Debug|Any CPU.Build.0 = Debug|Any CPU
		{764C6E89-2C10-441E-91A4-E4BE965AA068}.Release|Any CPU.ActiveCfg = Release|Any CPU
		{764C6E89-2C10-441E-91A4-E4BE965AA068}.Release|Any CPU.Build.0 = Release|Any CPU
	EndGlobalSection
	GlobalSection(SolutionProperties) = preSolution
		HideSolutionNode = FALSE
	EndGlobalSection
	GlobalSection(ExtensibilityGlobals) = postSolution
		SolutionGuid = {B4EED9BC-1CB4-409D-B434-1AF4A6221A75}
	EndGlobalSection
EndGlobal
